
Microsoft Visual Studio Solution File, Format Version 12.00
# Visual Studio 15
Project("{FAE04EC0-301F-11D3-BF4B-00C04F79EFBC}") = "P3Tests", "P3Tests\P3Tests.csproj", "{EA2F55DB-D7FC-4AA5-BEA9-87E00F3C51ED}"
EndProject
Global
	GlobalSection(SolutionConfigurationPlatforms) = preSolution
		Debug|Any CPU = Debug|Any CPU
		Release|Any CPU = Release|Any CPU
	EndGlobalSection
	GlobalSection(ProjectConfigurationPlatforms) = postSolution
		{EA2F55DB-D7FC-4AA5-BEA9-87E00F3C51ED}.Debug|Any CPU.ActiveCfg = Debug|Any CPU
		{EA2F55DB-D7FC-4AA5-BEA9-87E00F3C51ED}.Debug|Any CPU.Build.0 = Debug|Any CPU
		{EA2F55DB-D7FC-4AA5-BEA9-87E00F3C51ED}.Release|Any CPU.ActiveCfg = Release|Any CPU
		{EA2F55DB-D7FC-4AA5-BEA9-87E00F3C51ED}.Release|Any CPU.Build.0 = Release|Any CPU
	EndGlobalSection
EndGlobal
