
Microsoft Visual Studio Solution File, Format Version 12.00
# Visual Studio 15
Project("{FAE04EC0-301F-11D3-BF4B-00C04F79EFBC}") = "P3", "P3\P3.csproj", "{73D4D555-3B8D-4913-99A9-29E6ED291E5F}"
EndProject
Global
	GlobalSection(SolutionConfigurationPlatforms) = preSolution
		Debug|anycpu = Debug|anycpu
		Release|anycpu = Release|anycpu
	EndGlobalSection
	GlobalSection(ProjectConfigurationPlatforms) = postSolution
		{73D4D555-3B8D-4913-99A9-29E6ED291E5F}.Debug|anycpu.ActiveCfg = Debug|anycpu
		{73D4D555-3B8D-4913-99A9-29E6ED291E5F}.Debug|anycpu.Build.0 = Debug|anycpu
		{73D4D555-3B8D-4913-99A9-29E6ED291E5F}.Release|anycpu.ActiveCfg = Release|anycpu
		{73D4D555-3B8D-4913-99A9-29E6ED291E5F}.Release|anycpu.Build.0 = Release|anycpu
	EndGlobalSection
EndGlobal
